
Microsoft Visual Studio Solution File, Format Version 12.00
# Visual Studio Version 17
VisualStudioVersion = 17.14.36811.4
MinimumVisualStudioVersion = 10.0.40219.1
Project("{FAE04EC0-301F-11D3-BF4B-00C04F79EFBC}") = "ConsoleLauncher", "ConsoleLauncher.csproj", "{2301F570-3845-45C6-AEAA-631ECFA31750}"
EndProject
Project("{FAE04EC0-301F-11D3-BF4B-00C04F79EFBC}") = "SecurityRelatedLibraries", "..\SecurityRelatedLibraries\SecurityRelatedLibraries.csproj", "{864FFB7F-2234-4191-9321-CCB022A99386}"
EndProject
Global
	GlobalSection(SolutionConfigurationPlatforms) = preSolution
		Debug|Any CPU = Debug|Any CPU
		Release|Any CPU = Release|Any CPU
	EndGlobalSection
	GlobalSection(ProjectConfigurationPlatforms) = postSolution
		{2301F570-3845-45C6-AEAA-631ECFA31750}.Debug|Any CPU.ActiveCfg = Debug|Any CPU
		{2301F570-3845-45C6-AEAA-631ECFA31750}.Debug|Any CPU.Build.0 = Debug|Any CPU
		{2301F570-3845-45C6-AEAA-631ECFA31750}.Release|Any CPU.ActiveCfg = Release|Any CPU
		{2301F570-3845-45C6-AEAA-631ECFA31750}.Release|Any CPU.Build.0 = Release|Any CPU
		{864FFB7F-2234-4191-9321-CCB022A99386}.Debug|Any CPU.ActiveCfg = Debug|Any CPU
		{864FFB7F-2234-4191-9321-CCB022A99386}.Debug|Any CPU.Build.0 = Debug|Any CPU
		{864FFB7F-2234-4191-9321-CCB022A99386}.Release|Any CPU.ActiveCfg = Release|Any CPU
		{864FFB7F-2234-4191-9321-CCB022A99386}.Release|Any CPU.Build.0 = Release|Any CPU
	EndGlobalSection
	GlobalSection(SolutionProperties) = preSolution
		HideSolutionNode = FALSE
	EndGlobalSection
	GlobalSection(ExtensibilityGlobals) = postSolution
		SolutionGuid = {8C049126-743D-43E6-BF91-9A5B558D9B2E}
	EndGlobalSection
EndGlobal
